{
  "version": 4,
  "terraform_version": "1.6.6",
  "serial": 66,
  "lineage": "c9277378-703e-19a4-ee36-d06a28866fe7",
  "outputs": {},
  "resources": [
    {
      "module": "module.key",
      "mode": "managed",
      "type": "aws_key_pair",
      "name": "ec2_key",
      "provider": "module.key.provider[\"registry.terraform.io/hashicorp/aws\"]",
      "instances": [
        {
          "schema_version": 1,
          "attributes": {
            "arn": "arn:aws:ec2:us-west-2:655040006853:key-pair/var.key_name",
            "fingerprint": "78:f2:77:01:bf:0c:c3:1b:e7:0d:cf:2a:2d:b9:97:36",
            "id": "var.key_name",
            "key_name": "var.key_name",
            "key_name_prefix": "",
            "key_pair_id": "key-06167ff7d2a8ee6d3",
            "key_type": "rsa",
            "public_key": "ssh-rsa AAAAB3NzaC1yc2EAAAADAQABAAABAQDBOa8ym1J/tpwDEGh1demHCztPjuzvwuca94edQv3R8y/TVfpmoFI9/yKQ1g9B1ebI//kuTURkNXfoIbHM1R37rpYMmnCOJfLjDwuir9rAeCZt8nDFD0OAVLZTWdqbV+GMYxQwAKIU901agSfYiolhTkMI5klMLO0UNs7bPOpkyv4kIalItXQ6MXSkVnujjB4rWtJv8vkJ9ECbG1bNQGMeQ7hHkAlaoEEfPXpU0l/HB7xtgITimbnHtuvBTRUWeqD6KEjzz9gTzC/cpyZnHJtk2rHC9QS+AvJyD65GnNk3yeEGm3s3sajpVORtl1CZwGQxYu+EWzdqp1Yq5eDGyseB",
            "tags": {},
            "tags_all": {}
          },
          "sensitive_attributes": [],
          "private": "eyJzY2hlbWFfdmVyc2lvbiI6IjEifQ==",
          "dependencies": [
            "module.key.tls_private_key.my_ec2_key"
          ]
        }
      ]
    },
    {
      "module": "module.key",
      "mode": "managed",
      "type": "local_file",
      "name": "ssh_key",
      "provider": "provider[\"registry.terraform.io/hashicorp/local\"]",
      "instances": [
        {
          "schema_version": 0,
          "attributes": {
            "content": "-----BEGIN RSA PRIVATE KEY-----\nMIIEpAIBAAKCAQEAwTmvMptSf7acAxBodXXphws7T47s78LnGveHnUL90fMv01X6\nZqBSPf8ikNYPQdXmyP/5Lk1EZDV36CGxzNUd+66WDJpwjiXy4w8Loq/awHgmbfJw\nxQ9DgFS2U1nam1fhjGMUMACiFPdNWoEn2IqJYU5DCOZJTCztFDbO2zzqZMr+JCGp\nSLV0OjF0pFZ7o4weK1rSb/L5CfRAmxtWzUBjHkO4R5AJWqBBHz16VNJfxwe8bYCE\n4pm5x7brwU0VFnqg+ihI88/YE8wv3KcmZxybZNqxwvUEvgLycg+uRpzZN8nhBpt7\nN7Go6VTkbZdQmcBkMWLvhFs3aqdWKuXgxsrHgQIDAQABAoIBABEeOSU0mXRzCxNC\nat6tGYk7N3/u25LKI4tCDqOiAbaN4tjILyzUWzTe24MVU7izaIS6GKs/cSWnjv3j\nrkrFPqjDaMupCvus5P20oYVCKxEOE+l9pvvuRD6kQprTxQgqGvNC+9Dc3X8aAaJY\n+ty2OUGDm3C4Zhn3iPFXga/uj51qLsyO0ZjtbWFYq6QzzkILCI5EnTLzEyx3iK/H\n37FqzlUeTJC3ZY0BpxHsSWg2d9eGKG8gB2DBF7wvR2SilnMtVW+xB2Bt4yCXIJuG\nTEChAD8QLwpj2aieb9eTWoo108cYrtr0N07opPiJon5+tZjPnM+BWi+8y90iOZru\nk7/swhkCgYEAyZZSC4qqAye4WmwDsblr6wnC+791mUGxjrMva2w7xZwoUJkpHJFi\nTsDY8zD5Erwvo7SmvO4JMjoV/pgWGEMDup5+lUNYdpTHBLUxB7kpWZVurh2QBoiF\nu5v1JXutbVi/nsQ1I7X2L8CggUgpcVp66AXWNyV1e/sx63LxQqs60fMCgYEA9WGP\nJXg+1vq/yG8y2HjAZ6HDEpYFs8EWHGABG2H3T3fZi4cSyPciE7iiSWOGDV+W7hKD\nmj28sDz7r+BgCKc0jtVs5UXiMSZiJoowMwJgNvXwjRnCSkqmMyHNMPrkOPKvV7RJ\nfm9NxuK/XWiSpBiucQJyzri21eTUGDcFhN1eqbsCgYEAoB7enHxP/qGWNXyGkqyN\no+vlDMJPTqR3vLlneRRHhfc7rol5tk9kntlfegv0S4Ve8dGUf40zkMnCnq9/HVZd\np+Ys9bLAmbAjRQIHJ/NTfOzNNVAWDppyX0rJtjQ+1RQhYKLI8syd9+AxnX8MLBWK\nerHoLXV7lDc6t6JdMG+CETECgYA16nnJgeJM2kvJfqVtaxrbqm9yZgRautJg6bdU\njPIKRAtI3SUDg0m5i5gdCAEsbxR6uxavjWEoWD31Jxfyzsp9l+eVeQV6RzTJwxNU\nIfGCIgf4+O/34u8hzQuI95et66UbYEHFxi8QxEHIBHI0HDg4HJGdWnjSBrWTnINZ\n7koegQKBgQCJze5WWzfwZvlE5HVt+i/mSE3ETTSB5kIJWLGH2bqT7l4DrvSU4eaN\nNpupmhO0QNp3ypgNpTxIZsvMl2jBVPt7jwcvFV9oOmRn5aKS1A29HRsg8SLFVngZ\nHLaK5yZX6fmebyxXKVfbqa+kEmPB8mIrK5QVGg3+QmOCsMyPfyn7uA==\n-----END RSA PRIVATE KEY-----\n",
            "content_base64": null,
            "content_base64sha256": "dxGdNA4IyXNyTp4hdt1DVcVQlUrbBPum6ZCQWpUn/1A=",
            "content_base64sha512": "w+9YdVaqcVI4D+FMQKLR0OkaAqJ5zO+yu3vDbx28Ba9tpyAIyPwvhdjSyUdVQguDcVKxGfrOB9NMtQ/dXoRpBg==",
            "content_md5": "06e13d676d2a3f32e03cf287dfdfd44e",
            "content_sha1": "c3df7ae0de2bd2d0b9590c173372f56760d5c26a",
            "content_sha256": "77119d340e08c973724e9e2176dd4355c550954adb04fba6e990905a9527ff50",
            "content_sha512": "c3ef587556aa7152380fe14c40a2d1d0e91a02a279ccefb2bb7bc36f1dbc05af6da72008c8fc2f85d8d2c94755420b837152b119face07d34cb50fdd5e846906",
            "directory_permission": "0777",
            "file_permission": "0777",
            "filename": "var.key_name.pem",
            "id": "c3df7ae0de2bd2d0b9590c173372f56760d5c26a",
            "sensitive_content": null,
            "source": null
          },
          "sensitive_attributes": [
            [
              {
                "type": "get_attr",
                "value": "content"
              }
            ]
          ],
          "dependencies": [
            "module.key.aws_key_pair.ec2_key",
            "module.key.tls_private_key.my_ec2_key"
          ]
        }
      ]
    },
    {
      "module": "module.key",
      "mode": "managed",
      "type": "tls_private_key",
      "name": "my_ec2_key",
      "provider": "provider[\"registry.terraform.io/hashicorp/tls\"]",
      "instances": [
        {
          "schema_version": 1,
          "attributes": {
            "algorithm": "RSA",
            "ecdsa_curve": "P224",
            "id": "643deb3fe6f4c64744fab5b0b657db957a7a8304",
            "private_key_openssh": "-----BEGIN OPENSSH PRIVATE KEY-----\nb3BlbnNzaC1rZXktdjEAAAAABG5vbmUAAAAEbm9uZQAAAAAAAAABAAABFwAAAAdz\nc2gtcnNhAAAAAwEAAQAAAQEAwTmvMptSf7acAxBodXXphws7T47s78LnGveHnUL9\n0fMv01X6ZqBSPf8ikNYPQdXmyP/5Lk1EZDV36CGxzNUd+66WDJpwjiXy4w8Loq/a\nwHgmbfJwxQ9DgFS2U1nam1fhjGMUMACiFPdNWoEn2IqJYU5DCOZJTCztFDbO2zzq\nZMr+JCGpSLV0OjF0pFZ7o4weK1rSb/L5CfRAmxtWzUBjHkO4R5AJWqBBHz16VNJf\nxwe8bYCE4pm5x7brwU0VFnqg+ihI88/YE8wv3KcmZxybZNqxwvUEvgLycg+uRpzZ\nN8nhBpt7N7Go6VTkbZdQmcBkMWLvhFs3aqdWKuXgxsrHgQAAA7h0OzS2dDs0tgAA\nAAdzc2gtcnNhAAABAQDBOa8ym1J/tpwDEGh1demHCztPjuzvwuca94edQv3R8y/T\nVfpmoFI9/yKQ1g9B1ebI//kuTURkNXfoIbHM1R37rpYMmnCOJfLjDwuir9rAeCZt\n8nDFD0OAVLZTWdqbV+GMYxQwAKIU901agSfYiolhTkMI5klMLO0UNs7bPOpkyv4k\nIalItXQ6MXSkVnujjB4rWtJv8vkJ9ECbG1bNQGMeQ7hHkAlaoEEfPXpU0l/HB7xt\ngITimbnHtuvBTRUWeqD6KEjzz9gTzC/cpyZnHJtk2rHC9QS+AvJyD65GnNk3yeEG\nm3s3sajpVORtl1CZwGQxYu+EWzdqp1Yq5eDGyseBAAAAAwEAAQAAAQARHjklNJl0\ncwsTQmrerRmJOzd/7tuSyiOLQg6jogG2jeLYyC8s1Fs03tuDFVO4s2iEuhirP3El\np479465KxT6ow2jLqQr7rOT9tKGFQisRDhPpfab77kQ+pEKa08UIKhrzQvvQ3N1/\nGgGiWPrctjlBg5twuGYZ94jxV4Gv7o+dai7MjtGY7W1hWKukM85CCwiORJ0y8xMs\nd4ivx9+xas5VHkyQt2WNAacR7EloNnfXhihvIAdgwRe8L0dkopZzLVVvsQdgbeMg\nlyCbhkxAoQA/EC8KY9monm/Xk1qKNdPHGK7a9DdO6KT4iaJ+frWYz5zPgVovvMvd\nIjma7pO/7MIZAAAAgQCJze5WWzfwZvlE5HVt+i/mSE3ETTSB5kIJWLGH2bqT7l4D\nrvSU4eaNNpupmhO0QNp3ypgNpTxIZsvMl2jBVPt7jwcvFV9oOmRn5aKS1A29HRsg\n8SLFVngZHLaK5yZX6fmebyxXKVfbqa+kEmPB8mIrK5QVGg3+QmOCsMyPfyn7uAAA\nAIEAyZZSC4qqAye4WmwDsblr6wnC+791mUGxjrMva2w7xZwoUJkpHJFiTsDY8zD5\nErwvo7SmvO4JMjoV/pgWGEMDup5+lUNYdpTHBLUxB7kpWZVurh2QBoiFu5v1JXut\nbVi/nsQ1I7X2L8CggUgpcVp66AXWNyV1e/sx63LxQqs60fMAAACBAPVhjyV4Ptb6\nv8hvMth4wGehwxKWBbPBFhxgARth90932YuHEsj3IhO4okljhg1flu4Sg5o9vLA8\n+6/gYAinNI7VbOVF4jEmYiaKMDMCYDb18I0ZwkpKpjMhzTD65Djyr1e0SX5vTcbi\nv11okqQYrnECcs64ttXk1Bg3BYTdXqm7AAAAAAEC\n-----END OPENSSH PRIVATE KEY-----\n",
            "private_key_pem": "-----BEGIN RSA PRIVATE KEY-----\nMIIEpAIBAAKCAQEAwTmvMptSf7acAxBodXXphws7T47s78LnGveHnUL90fMv01X6\nZqBSPf8ikNYPQdXmyP/5Lk1EZDV36CGxzNUd+66WDJpwjiXy4w8Loq/awHgmbfJw\nxQ9DgFS2U1nam1fhjGMUMACiFPdNWoEn2IqJYU5DCOZJTCztFDbO2zzqZMr+JCGp\nSLV0OjF0pFZ7o4weK1rSb/L5CfRAmxtWzUBjHkO4R5AJWqBBHz16VNJfxwe8bYCE\n4pm5x7brwU0VFnqg+ihI88/YE8wv3KcmZxybZNqxwvUEvgLycg+uRpzZN8nhBpt7\nN7Go6VTkbZdQmcBkMWLvhFs3aqdWKuXgxsrHgQIDAQABAoIBABEeOSU0mXRzCxNC\nat6tGYk7N3/u25LKI4tCDqOiAbaN4tjILyzUWzTe24MVU7izaIS6GKs/cSWnjv3j\nrkrFPqjDaMupCvus5P20oYVCKxEOE+l9pvvuRD6kQprTxQgqGvNC+9Dc3X8aAaJY\n+ty2OUGDm3C4Zhn3iPFXga/uj51qLsyO0ZjtbWFYq6QzzkILCI5EnTLzEyx3iK/H\n37FqzlUeTJC3ZY0BpxHsSWg2d9eGKG8gB2DBF7wvR2SilnMtVW+xB2Bt4yCXIJuG\nTEChAD8QLwpj2aieb9eTWoo108cYrtr0N07opPiJon5+tZjPnM+BWi+8y90iOZru\nk7/swhkCgYEAyZZSC4qqAye4WmwDsblr6wnC+791mUGxjrMva2w7xZwoUJkpHJFi\nTsDY8zD5Erwvo7SmvO4JMjoV/pgWGEMDup5+lUNYdpTHBLUxB7kpWZVurh2QBoiF\nu5v1JXutbVi/nsQ1I7X2L8CggUgpcVp66AXWNyV1e/sx63LxQqs60fMCgYEA9WGP\nJXg+1vq/yG8y2HjAZ6HDEpYFs8EWHGABG2H3T3fZi4cSyPciE7iiSWOGDV+W7hKD\nmj28sDz7r+BgCKc0jtVs5UXiMSZiJoowMwJgNvXwjRnCSkqmMyHNMPrkOPKvV7RJ\nfm9NxuK/XWiSpBiucQJyzri21eTUGDcFhN1eqbsCgYEAoB7enHxP/qGWNXyGkqyN\no+vlDMJPTqR3vLlneRRHhfc7rol5tk9kntlfegv0S4Ve8dGUf40zkMnCnq9/HVZd\np+Ys9bLAmbAjRQIHJ/NTfOzNNVAWDppyX0rJtjQ+1RQhYKLI8syd9+AxnX8MLBWK\nerHoLXV7lDc6t6JdMG+CETECgYA16nnJgeJM2kvJfqVtaxrbqm9yZgRautJg6bdU\njPIKRAtI3SUDg0m5i5gdCAEsbxR6uxavjWEoWD31Jxfyzsp9l+eVeQV6RzTJwxNU\nIfGCIgf4+O/34u8hzQuI95et66UbYEHFxi8QxEHIBHI0HDg4HJGdWnjSBrWTnINZ\n7koegQKBgQCJze5WWzfwZvlE5HVt+i/mSE3ETTSB5kIJWLGH2bqT7l4DrvSU4eaN\nNpupmhO0QNp3ypgNpTxIZsvMl2jBVPt7jwcvFV9oOmRn5aKS1A29HRsg8SLFVngZ\nHLaK5yZX6fmebyxXKVfbqa+kEmPB8mIrK5QVGg3+QmOCsMyPfyn7uA==\n-----END RSA PRIVATE KEY-----\n",
            "private_key_pem_pkcs8": "-----BEGIN PRIVATE KEY-----\nMIIEvgIBADANBgkqhkiG9w0BAQEFAASCBKgwggSkAgEAAoIBAQDBOa8ym1J/tpwD\nEGh1demHCztPjuzvwuca94edQv3R8y/TVfpmoFI9/yKQ1g9B1ebI//kuTURkNXfo\nIbHM1R37rpYMmnCOJfLjDwuir9rAeCZt8nDFD0OAVLZTWdqbV+GMYxQwAKIU901a\ngSfYiolhTkMI5klMLO0UNs7bPOpkyv4kIalItXQ6MXSkVnujjB4rWtJv8vkJ9ECb\nG1bNQGMeQ7hHkAlaoEEfPXpU0l/HB7xtgITimbnHtuvBTRUWeqD6KEjzz9gTzC/c\npyZnHJtk2rHC9QS+AvJyD65GnNk3yeEGm3s3sajpVORtl1CZwGQxYu+EWzdqp1Yq\n5eDGyseBAgMBAAECggEAER45JTSZdHMLE0Jq3q0ZiTs3f+7bksoji0IOo6IBto3i\n2MgvLNRbNN7bgxVTuLNohLoYqz9xJaeO/eOuSsU+qMNoy6kK+6zk/bShhUIrEQ4T\n6X2m++5EPqRCmtPFCCoa80L70NzdfxoBolj63LY5QYObcLhmGfeI8VeBr+6PnWou\nzI7RmO1tYVirpDPOQgsIjkSdMvMTLHeIr8ffsWrOVR5MkLdljQGnEexJaDZ314Yo\nbyAHYMEXvC9HZKKWcy1Vb7EHYG3jIJcgm4ZMQKEAPxAvCmPZqJ5v15NaijXTxxiu\n2vQ3Tuik+Imifn61mM+cz4FaL7zL3SI5mu6Tv+zCGQKBgQDJllILiqoDJ7habAOx\nuWvrCcL7v3WZQbGOsy9rbDvFnChQmSkckWJOwNjzMPkSvC+jtKa87gkyOhX+mBYY\nQwO6nn6VQ1h2lMcEtTEHuSlZlW6uHZAGiIW7m/Ule61tWL+exDUjtfYvwKCBSClx\nWnroBdY3JXV7+zHrcvFCqzrR8wKBgQD1YY8leD7W+r/IbzLYeMBnocMSlgWzwRYc\nYAEbYfdPd9mLhxLI9yITuKJJY4YNX5buEoOaPbywPPuv4GAIpzSO1WzlReIxJmIm\nijAzAmA29fCNGcJKSqYzIc0w+uQ48q9XtEl+b03G4r9daJKkGK5xAnLOuLbV5NQY\nNwWE3V6puwKBgQCgHt6cfE/+oZY1fIaSrI2j6+UMwk9OpHe8uWd5FEeF9zuuiXm2\nT2Se2V96C/RLhV7x0ZR/jTOQycKer38dVl2n5iz1ssCZsCNFAgcn81N87M01UBYO\nmnJfSsm2ND7VFCFgosjyzJ334DGdfwwsFYp6segtdXuUNzq3ol0wb4IRMQKBgDXq\necmB4kzaS8l+pW1rGtuqb3JmBFq60mDpt1SM8gpEC0jdJQODSbmLmB0IASxvFHq7\nFq+NYShYPfUnF/LOyn2X55V5BXpHNMnDE1Qh8YIiB/j47/fi7yHNC4j3l63rpRtg\nQcXGLxDEQcgEcjQcODgckZ1aeNIGtZOcg1nuSh6BAoGBAInN7lZbN/Bm+UTkdW36\nL+ZITcRNNIHmQglYsYfZupPuXgOu9JTh5o02m6maE7RA2nfKmA2lPEhmy8yXaMFU\n+3uPBy8VX2g6ZGflopLUDb0dGyDxIsVWeBkctornJlfp+Z5vLFcpV9upr6QSY8Hy\nYisrlBUaDf5CY4KwzI9/Kfu4\n-----END PRIVATE KEY-----\n",
            "public_key_fingerprint_md5": "c1:99:5a:60:19:b7:28:89:14:33:87:21:fe:f7:f6:41",
            "public_key_fingerprint_sha256": "SHA256:dr3+tXwz5/QCGPuwq0l0H7iJd30gjeiWsPCk1jRwlmM",
            "public_key_openssh": "ssh-rsa AAAAB3NzaC1yc2EAAAADAQABAAABAQDBOa8ym1J/tpwDEGh1demHCztPjuzvwuca94edQv3R8y/TVfpmoFI9/yKQ1g9B1ebI//kuTURkNXfoIbHM1R37rpYMmnCOJfLjDwuir9rAeCZt8nDFD0OAVLZTWdqbV+GMYxQwAKIU901agSfYiolhTkMI5klMLO0UNs7bPOpkyv4kIalItXQ6MXSkVnujjB4rWtJv8vkJ9ECbG1bNQGMeQ7hHkAlaoEEfPXpU0l/HB7xtgITimbnHtuvBTRUWeqD6KEjzz9gTzC/cpyZnHJtk2rHC9QS+AvJyD65GnNk3yeEGm3s3sajpVORtl1CZwGQxYu+EWzdqp1Yq5eDGyseB\n",
            "public_key_pem": "-----BEGIN PUBLIC KEY-----\nMIIBIjANBgkqhkiG9w0BAQEFAAOCAQ8AMIIBCgKCAQEAwTmvMptSf7acAxBodXXp\nhws7T47s78LnGveHnUL90fMv01X6ZqBSPf8ikNYPQdXmyP/5Lk1EZDV36CGxzNUd\n+66WDJpwjiXy4w8Loq/awHgmbfJwxQ9DgFS2U1nam1fhjGMUMACiFPdNWoEn2IqJ\nYU5DCOZJTCztFDbO2zzqZMr+JCGpSLV0OjF0pFZ7o4weK1rSb/L5CfRAmxtWzUBj\nHkO4R5AJWqBBHz16VNJfxwe8bYCE4pm5x7brwU0VFnqg+ihI88/YE8wv3KcmZxyb\nZNqxwvUEvgLycg+uRpzZN8nhBpt7N7Go6VTkbZdQmcBkMWLvhFs3aqdWKuXgxsrH\ngQIDAQAB\n-----END PUBLIC KEY-----\n",
            "rsa_bits": 2048
          },
          "sensitive_attributes": []
        }
      ]
    },
    {
      "module": "module.vpc",
      "mode": "managed",
      "type": "aws_default_network_acl",
      "name": "this",
      "provider": "provider[\"registry.terraform.io/hashicorp/aws\"]",
      "instances": [
        {
          "index_key": 0,
          "schema_version": 0,
          "attributes": {
            "arn": "arn:aws:ec2:us-west-2:655040006853:network-acl/acl-07b5c29ebcd37dfc3",
            "default_network_acl_id": "acl-07b5c29ebcd37dfc3",
            "egress": [
              {
                "action": "allow",
                "cidr_block": "",
                "from_port": 0,
                "icmp_code": 0,
                "icmp_type": 0,
                "ipv6_cidr_block": "::/0",
                "protocol": "-1",
                "rule_no": 101,
                "to_port": 0
              },
              {
                "action": "allow",
                "cidr_block": "0.0.0.0/0",
                "from_port": 0,
                "icmp_code": 0,
                "icmp_type": 0,
                "ipv6_cidr_block": "",
                "protocol": "-1",
                "rule_no": 100,
                "to_port": 0
              }
            ],
            "id": "acl-07b5c29ebcd37dfc3",
            "ingress": [
              {
                "action": "allow",
                "cidr_block": "",
                "from_port": 0,
                "icmp_code": 0,
                "icmp_type": 0,
                "ipv6_cidr_block": "::/0",
                "protocol": "-1",
                "rule_no": 101,
                "to_port": 0
              },
              {
                "action": "allow",
                "cidr_block": "0.0.0.0/0",
                "from_port": 0,
                "icmp_code": 0,
                "icmp_type": 0,
                "ipv6_cidr_block": "",
                "protocol": "-1",
                "rule_no": 100,
                "to_port": 0
              }
            ],
            "owner_id": "655040006853",
            "subnet_ids": [],
            "tags": {
              "Environment": "dev",
              "Name": "terraform-module-default",
              "Team": "Devops",
              "Terraform": "true"
            },
            "tags_all": {
              "Environment": "dev",
              "Name": "terraform-module-default",
              "Team": "Devops",
              "Terraform": "true"
            },
            "vpc_id": "vpc-0817e56720b2e6c75"
          },
          "sensitive_attributes": [],
          "private": "bnVsbA==",
          "dependencies": [
            "module.vpc.aws_vpc.this"
          ]
        }
      ]
    },
    {
      "module": "module.vpc",
      "mode": "managed",
      "type": "aws_default_route_table",
      "name": "default",
      "provider": "provider[\"registry.terraform.io/hashicorp/aws\"]",
      "instances": [
        {
          "index_key": 0,
          "schema_version": 0,
          "attributes": {
            "arn": "arn:aws:ec2:us-west-2:655040006853:route-table/rtb-01d292e1003599e4e",
            "default_route_table_id": "rtb-01d292e1003599e4e",
            "id": "rtb-01d292e1003599e4e",
            "owner_id": "655040006853",
            "propagating_vgws": [],
            "route": [],
            "tags": {
              "Environment": "dev",
              "Name": "terraform-module-default",
              "Team": "Devops",
              "Terraform": "true"
            },
            "tags_all": {
              "Environment": "dev",
              "Name": "terraform-module-default",
              "Team": "Devops",
              "Terraform": "true"
            },
            "timeouts": {
              "create": "5m",
              "update": "5m"
            },
            "vpc_id": "vpc-0817e56720b2e6c75"
          },
          "sensitive_attributes": [],
          "private": "eyJlMmJmYjczMC1lY2FhLTExZTYtOGY4OC0zNDM2M2JjN2M0YzAiOnsiY3JlYXRlIjozMDAwMDAwMDAwMDAsInVwZGF0ZSI6MzAwMDAwMDAwMDAwfX0=",
          "dependencies": [
            "module.vpc.aws_vpc.this"
          ]
        }
      ]
    },
    {
      "module": "module.vpc",
      "mode": "managed",
      "type": "aws_default_security_group",
      "name": "this",
      "provider": "provider[\"registry.terraform.io/hashicorp/aws\"]",
      "instances": [
        {
          "index_key": 0,
          "schema_version": 1,
          "attributes": {
            "arn": "arn:aws:ec2:us-west-2:655040006853:security-group/sg-0c65cd9232d3f0054",
            "description": "default VPC security group",
            "egress": [],
            "id": "sg-0c65cd9232d3f0054",
            "ingress": [],
            "name": "default",
            "name_prefix": "",
            "owner_id": "655040006853",
            "revoke_rules_on_delete": false,
            "tags": {
              "Environment": "dev",
              "Name": "terraform-module-default",
              "Team": "Devops",
              "Terraform": "true"
            },
            "tags_all": {
              "Environment": "dev",
              "Name": "terraform-module-default",
              "Team": "Devops",
              "Terraform": "true"
            },
            "vpc_id": "vpc-0817e56720b2e6c75"
          },
          "sensitive_attributes": [],
          "private": "eyJzY2hlbWFfdmVyc2lvbiI6IjEifQ==",
          "dependencies": [
            "module.vpc.aws_vpc.this"
          ]
        }
      ]
    },
    {
      "module": "module.vpc",
      "mode": "managed",
      "type": "aws_internet_gateway",
      "name": "this",
      "provider": "provider[\"registry.terraform.io/hashicorp/aws\"]",
      "instances": [
        {
          "index_key": 0,
          "schema_version": 0,
          "attributes": {
            "arn": "arn:aws:ec2:us-west-2:655040006853:internet-gateway/igw-0a3a0c36642243d98",
            "id": "igw-0a3a0c36642243d98",
            "owner_id": "655040006853",
            "tags": {
              "Environment": "dev",
              "Name": "terraform-module",
              "Team": "Devops",
              "Terraform": "true"
            },
            "tags_all": {
              "Environment": "dev",
              "Name": "terraform-module",
              "Team": "Devops",
              "Terraform": "true"
            },
            "timeouts": null,
            "vpc_id": "vpc-0817e56720b2e6c75"
          },
          "sensitive_attributes": [],
          "private": "eyJlMmJmYjczMC1lY2FhLTExZTYtOGY4OC0zNDM2M2JjN2M0YzAiOnsiY3JlYXRlIjoxMjAwMDAwMDAwMDAwLCJkZWxldGUiOjEyMDAwMDAwMDAwMDAsInVwZGF0ZSI6MTIwMDAwMDAwMDAwMH19",
          "dependencies": [
            "module.vpc.aws_vpc.this",
            "module.vpc.aws_vpc_ipv4_cidr_block_association.this"
          ]
        }
      ]
    },
    {
      "module": "module.vpc",
      "mode": "managed",
      "type": "aws_route",
      "name": "public_internet_gateway",
      "provider": "provider[\"registry.terraform.io/hashicorp/aws\"]",
      "instances": [
        {
          "index_key": 0,
          "schema_version": 0,
          "attributes": {
            "carrier_gateway_id": "",
            "core_network_arn": "",
            "destination_cidr_block": "0.0.0.0/0",
            "destination_ipv6_cidr_block": "",
            "destination_prefix_list_id": "",
            "egress_only_gateway_id": "",
            "gateway_id": "igw-0a3a0c36642243d98",
            "id": "r-rtb-0f570f057ac6e70d01080289494",
            "instance_id": "",
            "instance_owner_id": "",
            "local_gateway_id": "",
            "nat_gateway_id": "",
            "network_interface_id": "",
            "origin": "CreateRoute",
            "route_table_id": "rtb-0f570f057ac6e70d0",
            "state": "active",
            "timeouts": {
              "create": "5m",
              "delete": null,
              "update": null
            },
            "transit_gateway_id": "",
            "vpc_endpoint_id": "",
            "vpc_peering_connection_id": ""
          },
          "sensitive_attributes": [],
          "private": "eyJlMmJmYjczMC1lY2FhLTExZTYtOGY4OC0zNDM2M2JjN2M0YzAiOnsiY3JlYXRlIjozMDAwMDAwMDAwMDAsImRlbGV0ZSI6MzAwMDAwMDAwMDAwLCJ1cGRhdGUiOjEyMDAwMDAwMDAwMH19",
          "dependencies": [
            "module.vpc.aws_internet_gateway.this",
            "module.vpc.aws_route_table.public",
            "module.vpc.aws_vpc.this",
            "module.vpc.aws_vpc_ipv4_cidr_block_association.this"
          ]
        }
      ]
    },
    {
      "module": "module.vpc",
      "mode": "managed",
      "type": "aws_route_table",
      "name": "private",
      "provider": "provider[\"registry.terraform.io/hashicorp/aws\"]",
      "instances": [
        {
          "index_key": 0,
          "schema_version": 0,
          "attributes": {
            "arn": "arn:aws:ec2:us-west-2:655040006853:route-table/rtb-038680b5059e492cb",
            "id": "rtb-038680b5059e492cb",
            "owner_id": "655040006853",
            "propagating_vgws": [],
            "route": [],
            "tags": {
              "Environment": "dev",
              "Name": "terraform-module-private-us-west-2a",
              "Team": "Devops",
              "Terraform": "true"
            },
            "tags_all": {
              "Environment": "dev",
              "Name": "terraform-module-private-us-west-2a",
              "Team": "Devops",
              "Terraform": "true"
            },
            "timeouts": null,
            "vpc_id": "vpc-0817e56720b2e6c75"
          },
          "sensitive_attributes": [],
          "private": "eyJlMmJmYjczMC1lY2FhLTExZTYtOGY4OC0zNDM2M2JjN2M0YzAiOnsiY3JlYXRlIjozMDAwMDAwMDAwMDAsImRlbGV0ZSI6MzAwMDAwMDAwMDAwLCJ1cGRhdGUiOjEyMDAwMDAwMDAwMH19",
          "dependencies": [
            "module.vpc.aws_vpc.this",
            "module.vpc.aws_vpc_ipv4_cidr_block_association.this"
          ]
        },
        {
          "index_key": 1,
          "schema_version": 0,
          "attributes": {
            "arn": "arn:aws:ec2:us-west-2:655040006853:route-table/rtb-0cd5a1d47e00d2833",
            "id": "rtb-0cd5a1d47e00d2833",
            "owner_id": "655040006853",
            "propagating_vgws": [],
            "route": [],
            "tags": {
              "Environment": "dev",
              "Name": "terraform-module-private-us-west-2b",
              "Team": "Devops",
              "Terraform": "true"
            },
            "tags_all": {
              "Environment": "dev",
              "Name": "terraform-module-private-us-west-2b",
              "Team": "Devops",
              "Terraform": "true"
            },
            "timeouts": null,
            "vpc_id": "vpc-0817e56720b2e6c75"
          },
          "sensitive_attributes": [],
          "private": "eyJlMmJmYjczMC1lY2FhLTExZTYtOGY4OC0zNDM2M2JjN2M0YzAiOnsiY3JlYXRlIjozMDAwMDAwMDAwMDAsImRlbGV0ZSI6MzAwMDAwMDAwMDAwLCJ1cGRhdGUiOjEyMDAwMDAwMDAwMH19",
          "dependencies": [
            "module.vpc.aws_vpc.this",
            "module.vpc.aws_vpc_ipv4_cidr_block_association.this"
          ]
        }
      ]
    },
    {
      "module": "module.vpc",
      "mode": "managed",
      "type": "aws_route_table",
      "name": "public",
      "provider": "provider[\"registry.terraform.io/hashicorp/aws\"]",
      "instances": [
        {
          "index_key": 0,
          "schema_version": 0,
          "attributes": {
            "arn": "arn:aws:ec2:us-west-2:655040006853:route-table/rtb-0f570f057ac6e70d0",
            "id": "rtb-0f570f057ac6e70d0",
            "owner_id": "655040006853",
            "propagating_vgws": [],
            "route": [
              {
                "carrier_gateway_id": "",
                "cidr_block": "0.0.0.0/0",
                "core_network_arn": "",
                "destination_prefix_list_id": "",
                "egress_only_gateway_id": "",
                "gateway_id": "igw-0a3a0c36642243d98",
                "ipv6_cidr_block": "",
                "local_gateway_id": "",
                "nat_gateway_id": "",
                "network_interface_id": "",
                "transit_gateway_id": "",
                "vpc_endpoint_id": "",
                "vpc_peering_connection_id": ""
              }
            ],
            "tags": {
              "Environment": "dev",
              "Name": "terraform-module-public",
              "Team": "Devops",
              "Terraform": "true"
            },
            "tags_all": {
              "Environment": "dev",
              "Name": "terraform-module-public",
              "Team": "Devops",
              "Terraform": "true"
            },
            "timeouts": null,
            "vpc_id": "vpc-0817e56720b2e6c75"
          },
          "sensitive_attributes": [],
          "private": "eyJlMmJmYjczMC1lY2FhLTExZTYtOGY4OC0zNDM2M2JjN2M0YzAiOnsiY3JlYXRlIjozMDAwMDAwMDAwMDAsImRlbGV0ZSI6MzAwMDAwMDAwMDAwLCJ1cGRhdGUiOjEyMDAwMDAwMDAwMH19",
          "dependencies": [
            "module.vpc.aws_vpc.this",
            "module.vpc.aws_vpc_ipv4_cidr_block_association.this"
          ]
        }
      ]
    },
    {
      "module": "module.vpc",
      "mode": "managed",
      "type": "aws_route_table_association",
      "name": "private",
      "provider": "provider[\"registry.terraform.io/hashicorp/aws\"]",
      "instances": [
        {
          "index_key": 0,
          "schema_version": 0,
          "attributes": {
            "gateway_id": "",
            "id": "rtbassoc-08fea4acdf6bd956b",
            "route_table_id": "rtb-038680b5059e492cb",
            "subnet_id": "subnet-0585eb3485a194273",
            "timeouts": null
          },
          "sensitive_attributes": [],
          "private": "eyJlMmJmYjczMC1lY2FhLTExZTYtOGY4OC0zNDM2M2JjN2M0YzAiOnsiY3JlYXRlIjozMDAwMDAwMDAwMDAsImRlbGV0ZSI6MzAwMDAwMDAwMDAwLCJ1cGRhdGUiOjEyMDAwMDAwMDAwMH19",
          "dependencies": [
            "module.vpc.aws_route_table.private",
            "module.vpc.aws_subnet.private",
            "module.vpc.aws_vpc.this",
            "module.vpc.aws_vpc_ipv4_cidr_block_association.this"
          ]
        },
        {
          "index_key": 1,
          "schema_version": 0,
          "attributes": {
            "gateway_id": "",
            "id": "rtbassoc-088fbc5d70de7ee64",
            "route_table_id": "rtb-0cd5a1d47e00d2833",
            "subnet_id": "subnet-078fe40b325154d25",
            "timeouts": null
          },
          "sensitive_attributes": [],
          "private": "eyJlMmJmYjczMC1lY2FhLTExZTYtOGY4OC0zNDM2M2JjN2M0YzAiOnsiY3JlYXRlIjozMDAwMDAwMDAwMDAsImRlbGV0ZSI6MzAwMDAwMDAwMDAwLCJ1cGRhdGUiOjEyMDAwMDAwMDAwMH19",
          "dependencies": [
            "module.vpc.aws_route_table.private",
            "module.vpc.aws_subnet.private",
            "module.vpc.aws_vpc.this",
            "module.vpc.aws_vpc_ipv4_cidr_block_association.this"
          ]
        }
      ]
    },
    {
      "module": "module.vpc",
      "mode": "managed",
      "type": "aws_route_table_association",
      "name": "public",
      "provider": "provider[\"registry.terraform.io/hashicorp/aws\"]",
      "instances": [
        {
          "index_key": 0,
          "schema_version": 0,
          "attributes": {
            "gateway_id": "",
            "id": "rtbassoc-0c7a4a249e222db24",
            "route_table_id": "rtb-0f570f057ac6e70d0",
            "subnet_id": "subnet-0c521b0c3164cfd99",
            "timeouts": null
          },
          "sensitive_attributes": [],
          "private": "eyJlMmJmYjczMC1lY2FhLTExZTYtOGY4OC0zNDM2M2JjN2M0YzAiOnsiY3JlYXRlIjozMDAwMDAwMDAwMDAsImRlbGV0ZSI6MzAwMDAwMDAwMDAwLCJ1cGRhdGUiOjEyMDAwMDAwMDAwMH19",
          "dependencies": [
            "module.vpc.aws_route_table.public",
            "module.vpc.aws_subnet.public",
            "module.vpc.aws_vpc.this",
            "module.vpc.aws_vpc_ipv4_cidr_block_association.this"
          ]
        },
        {
          "index_key": 1,
          "schema_version": 0,
          "attributes": {
            "gateway_id": "",
            "id": "rtbassoc-001d9814fac3b82ed",
            "route_table_id": "rtb-0f570f057ac6e70d0",
            "subnet_id": "subnet-06ef7ac2bdd656532",
            "timeouts": null
          },
          "sensitive_attributes": [],
          "private": "eyJlMmJmYjczMC1lY2FhLTExZTYtOGY4OC0zNDM2M2JjN2M0YzAiOnsiY3JlYXRlIjozMDAwMDAwMDAwMDAsImRlbGV0ZSI6MzAwMDAwMDAwMDAwLCJ1cGRhdGUiOjEyMDAwMDAwMDAwMH19",
          "dependencies": [
            "module.vpc.aws_route_table.public",
            "module.vpc.aws_subnet.public",
            "module.vpc.aws_vpc.this",
            "module.vpc.aws_vpc_ipv4_cidr_block_association.this"
          ]
        }
      ]
    },
    {
      "module": "module.vpc",
      "mode": "managed",
      "type": "aws_subnet",
      "name": "private",
      "provider": "provider[\"registry.terraform.io/hashicorp/aws\"]",
      "instances": [
        {
          "index_key": 0,
          "schema_version": 1,
          "attributes": {
            "arn": "arn:aws:ec2:us-west-2:655040006853:subnet/subnet-0585eb3485a194273",
            "assign_ipv6_address_on_creation": false,
            "availability_zone": "us-west-2a",
            "availability_zone_id": "usw2-az2",
            "cidr_block": "10.0.1.0/24",
            "customer_owned_ipv4_pool": "",
            "enable_dns64": false,
            "enable_lni_at_device_index": 0,
            "enable_resource_name_dns_a_record_on_launch": false,
            "enable_resource_name_dns_aaaa_record_on_launch": false,
            "id": "subnet-0585eb3485a194273",
            "ipv6_cidr_block": "",
            "ipv6_cidr_block_association_id": "",
            "ipv6_native": false,
            "map_customer_owned_ip_on_launch": false,
            "map_public_ip_on_launch": false,
            "outpost_arn": "",
            "owner_id": "655040006853",
            "private_dns_hostname_type_on_launch": "ip-name",
            "tags": {
              "Environment": "dev",
              "Name": "terraform-module-private-us-west-2a",
              "Team": "Devops",
              "Terraform": "true"
            },
            "tags_all": {
              "Environment": "dev",
              "Name": "terraform-module-private-us-west-2a",
              "Team": "Devops",
              "Terraform": "true"
            },
            "timeouts": null,
            "vpc_id": "vpc-0817e56720b2e6c75"
          },
          "sensitive_attributes": [],
          "private": "eyJlMmJmYjczMC1lY2FhLTExZTYtOGY4OC0zNDM2M2JjN2M0YzAiOnsiY3JlYXRlIjo2MDAwMDAwMDAwMDAsImRlbGV0ZSI6MTIwMDAwMDAwMDAwMH0sInNjaGVtYV92ZXJzaW9uIjoiMSJ9",
          "dependencies": [
            "module.vpc.aws_vpc.this",
            "module.vpc.aws_vpc_ipv4_cidr_block_association.this"
          ]
        },
        {
          "index_key": 1,
          "schema_version": 1,
          "attributes": {
            "arn": "arn:aws:ec2:us-west-2:655040006853:subnet/subnet-078fe40b325154d25",
            "assign_ipv6_address_on_creation": false,
            "availability_zone": "us-west-2b",
            "availability_zone_id": "usw2-az1",
            "cidr_block": "10.0.2.0/24",
            "customer_owned_ipv4_pool": "",
            "enable_dns64": false,
            "enable_lni_at_device_index": 0,
            "enable_resource_name_dns_a_record_on_launch": false,
            "enable_resource_name_dns_aaaa_record_on_launch": false,
            "id": "subnet-078fe40b325154d25",
            "ipv6_cidr_block": "",
            "ipv6_cidr_block_association_id": "",
            "ipv6_native": false,
            "map_customer_owned_ip_on_launch": false,
            "map_public_ip_on_launch": false,
            "outpost_arn": "",
            "owner_id": "655040006853",
            "private_dns_hostname_type_on_launch": "ip-name",
            "tags": {
              "Environment": "dev",
              "Name": "terraform-module-private-us-west-2b",
              "Team": "Devops",
              "Terraform": "true"
            },
            "tags_all": {
              "Environment": "dev",
              "Name": "terraform-module-private-us-west-2b",
              "Team": "Devops",
              "Terraform": "true"
            },
            "timeouts": null,
            "vpc_id": "vpc-0817e56720b2e6c75"
          },
          "sensitive_attributes": [],
          "private": "eyJlMmJmYjczMC1lY2FhLTExZTYtOGY4OC0zNDM2M2JjN2M0YzAiOnsiY3JlYXRlIjo2MDAwMDAwMDAwMDAsImRlbGV0ZSI6MTIwMDAwMDAwMDAwMH0sInNjaGVtYV92ZXJzaW9uIjoiMSJ9",
          "dependencies": [
            "module.vpc.aws_vpc.this",
            "module.vpc.aws_vpc_ipv4_cidr_block_association.this"
          ]
        }
      ]
    },
    {
      "module": "module.vpc",
      "mode": "managed",
      "type": "aws_subnet",
      "name": "public",
      "provider": "provider[\"registry.terraform.io/hashicorp/aws\"]",
      "instances": [
        {
          "index_key": 0,
          "schema_version": 1,
          "attributes": {
            "arn": "arn:aws:ec2:us-west-2:655040006853:subnet/subnet-0c521b0c3164cfd99",
            "assign_ipv6_address_on_creation": false,
            "availability_zone": "us-west-2a",
            "availability_zone_id": "usw2-az2",
            "cidr_block": "10.0.101.0/24",
            "customer_owned_ipv4_pool": "",
            "enable_dns64": false,
            "enable_lni_at_device_index": 0,
            "enable_resource_name_dns_a_record_on_launch": false,
            "enable_resource_name_dns_aaaa_record_on_launch": false,
            "id": "subnet-0c521b0c3164cfd99",
            "ipv6_cidr_block": "",
            "ipv6_cidr_block_association_id": "",
            "ipv6_native": false,
            "map_customer_owned_ip_on_launch": false,
            "map_public_ip_on_launch": false,
            "outpost_arn": "",
            "owner_id": "655040006853",
            "private_dns_hostname_type_on_launch": "ip-name",
            "tags": {
              "Environment": "dev",
              "Name": "terraform-module-public-us-west-2a",
              "Team": "Devops",
              "Terraform": "true"
            },
            "tags_all": {
              "Environment": "dev",
              "Name": "terraform-module-public-us-west-2a",
              "Team": "Devops",
              "Terraform": "true"
            },
            "timeouts": null,
            "vpc_id": "vpc-0817e56720b2e6c75"
          },
          "sensitive_attributes": [],
          "private": "eyJlMmJmYjczMC1lY2FhLTExZTYtOGY4OC0zNDM2M2JjN2M0YzAiOnsiY3JlYXRlIjo2MDAwMDAwMDAwMDAsImRlbGV0ZSI6MTIwMDAwMDAwMDAwMH0sInNjaGVtYV92ZXJzaW9uIjoiMSJ9",
          "dependencies": [
            "module.vpc.aws_vpc.this",
            "module.vpc.aws_vpc_ipv4_cidr_block_association.this"
          ]
        },
        {
          "index_key": 1,
          "schema_version": 1,
          "attributes": {
            "arn": "arn:aws:ec2:us-west-2:655040006853:subnet/subnet-06ef7ac2bdd656532",
            "assign_ipv6_address_on_creation": false,
            "availability_zone": "us-west-2b",
            "availability_zone_id": "usw2-az1",
            "cidr_block": "10.0.102.0/24",
            "customer_owned_ipv4_pool": "",
            "enable_dns64": false,
            "enable_lni_at_device_index": 0,
            "enable_resource_name_dns_a_record_on_launch": false,
            "enable_resource_name_dns_aaaa_record_on_launch": false,
            "id": "subnet-06ef7ac2bdd656532",
            "ipv6_cidr_block": "",
            "ipv6_cidr_block_association_id": "",
            "ipv6_native": false,
            "map_customer_owned_ip_on_launch": false,
            "map_public_ip_on_launch": false,
            "outpost_arn": "",
            "owner_id": "655040006853",
            "private_dns_hostname_type_on_launch": "ip-name",
            "tags": {
              "Environment": "dev",
              "Name": "terraform-module-public-us-west-2b",
              "Team": "Devops",
              "Terraform": "true"
            },
            "tags_all": {
              "Environment": "dev",
              "Name": "terraform-module-public-us-west-2b",
              "Team": "Devops",
              "Terraform": "true"
            },
            "timeouts": null,
            "vpc_id": "vpc-0817e56720b2e6c75"
          },
          "sensitive_attributes": [],
          "private": "eyJlMmJmYjczMC1lY2FhLTExZTYtOGY4OC0zNDM2M2JjN2M0YzAiOnsiY3JlYXRlIjo2MDAwMDAwMDAwMDAsImRlbGV0ZSI6MTIwMDAwMDAwMDAwMH0sInNjaGVtYV92ZXJzaW9uIjoiMSJ9",
          "dependencies": [
            "module.vpc.aws_vpc.this",
            "module.vpc.aws_vpc_ipv4_cidr_block_association.this"
          ]
        }
      ]
    },
    {
      "module": "module.vpc",
      "mode": "managed",
      "type": "aws_vpc",
      "name": "this",
      "provider": "provider[\"registry.terraform.io/hashicorp/aws\"]",
      "instances": [
        {
          "index_key": 0,
          "schema_version": 1,
          "attributes": {
            "arn": "arn:aws:ec2:us-west-2:655040006853:vpc/vpc-0817e56720b2e6c75",
            "assign_generated_ipv6_cidr_block": false,
            "cidr_block": "10.0.0.0/16",
            "default_network_acl_id": "acl-07b5c29ebcd37dfc3",
            "default_route_table_id": "rtb-01d292e1003599e4e",
            "default_security_group_id": "sg-0c65cd9232d3f0054",
            "dhcp_options_id": "dopt-008f27791ed9a3171",
            "enable_dns_hostnames": true,
            "enable_dns_support": true,
            "enable_network_address_usage_metrics": false,
            "id": "vpc-0817e56720b2e6c75",
            "instance_tenancy": "default",
            "ipv4_ipam_pool_id": null,
            "ipv4_netmask_length": null,
            "ipv6_association_id": "",
            "ipv6_cidr_block": "",
            "ipv6_cidr_block_network_border_group": "",
            "ipv6_ipam_pool_id": "",
            "ipv6_netmask_length": 0,
            "main_route_table_id": "rtb-01d292e1003599e4e",
            "owner_id": "655040006853",
            "tags": {
              "Environment": "dev",
              "Name": "terraform-module",
              "Team": "Devops",
              "Terraform": "true"
            },
            "tags_all": {
              "Environment": "dev",
              "Name": "terraform-module",
              "Team": "Devops",
              "Terraform": "true"
            }
          },
          "sensitive_attributes": [],
          "private": "eyJzY2hlbWFfdmVyc2lvbiI6IjEifQ=="
        }
      ]
    }
  ],
  "check_results": null
}
